
Microsoft Visual Studio Solution File, Format Version 12.00
# Visual Studio Version 17
VisualStudioVersion = 17.6.33712.159
MinimumVisualStudioVersion = 10.0.40219.1
Project("{2150E333-8FDC-42A3-9474-1A3956D46DE8}") = "Solution Items", "Solution Items", "{4D999394-6745-4343-907B-9F116B4D6221}"
	ProjectSection(SolutionItems) = preProject
		.editorconfig = .editorconfig
	EndProjectSection
EndProject
Project("{2150E333-8FDC-42A3-9474-1A3956D46DE8}") = "src", "src", "{169E917E-C163-4894-99D8-21042D629B95}"
EndProject
Project("{2150E333-8FDC-42A3-9474-1A3956D46DE8}") = "tests", "tests", "{0471B5F3-2FF4-4DCD-8B1A-6BF2C9E29353}"
EndProject
Project("{9A19103F-16F7-4668-BE54-9A1E7A4F7556}") = "Some1", "src\Some1\Some1.csproj", "{0CAEAFFC-9821-46D7-A27F-65EABE1D8827}"
EndProject
Project("{9A19103F-16F7-4668-BE54-9A1E7A4F7556}") = "Some1.Play.Info", "src\Some1.Play.Info\Some1.Play.Info.csproj", "{AA0BEC0E-1EEB-40FF-970E-3FC0FEE56986}"
EndProject
Project("{9A19103F-16F7-4668-BE54-9A1E7A4F7556}") = "Some1.Play.Core", "src\Some1.Play.Core\Some1.Play.Core.csproj", "{F6F64F5B-8752-4F78-B22B-AC39F97B9E8A}"
EndProject
Project("{9A19103F-16F7-4668-BE54-9A1E7A4F7556}") = "Some1.Play.Core.Tests", "tests\Some1.Play.Core.Tests\Some1.Play.Core.Tests.csproj", "{E14CC2EF-5D58-4033-AE83-5AD35C6C31A0}"
EndProject
Project("{9A19103F-16F7-4668-BE54-9A1E7A4F7556}") = "Some1.Play.Info.Tests", "tests\Some1.Play.Info.Tests\Some1.Play.Info.Tests.csproj", "{3CAE8601-BAEA-42F5-B8D1-7D9023EBCD5B}"
EndProject
Project("{9A19103F-16F7-4668-BE54-9A1E7A4F7556}") = "Some1.Play.Data.Abstractions", "src\Some1.Play.Data.Abstractions\Some1.Play.Data.Abstractions.csproj", "{D54A25F0-4180-476F-A65D-AEE1392B5726}"
EndProject
Project("{9A19103F-16F7-4668-BE54-9A1E7A4F7556}") = "Some1.Play.Client.Abstractions", "src\Some1.Play.Client.Abstractions\Some1.Play.Client.Abstractions.csproj", "{AC4E4298-F33C-4CB5-ABEB-301C346DACC8}"
EndProject
Project("{9A19103F-16F7-4668-BE54-9A1E7A4F7556}") = "Some1.Play.Front", "src\Some1.Play.Front\Some1.Play.Front.csproj", "{9C456637-27C3-4933-BCB6-8F9AC5CFF74A}"
EndProject
Project("{9A19103F-16F7-4668-BE54-9A1E7A4F7556}") = "Some1.Play.Client.InMemory", "src\Some1.Play.Client.InMemory\Some1.Play.Client.InMemory.csproj", "{7CF02675-2EB8-4AC2-A2E5-F15189A89D9D}"
EndProject
Project("{9A19103F-16F7-4668-BE54-9A1E7A4F7556}") = "Some1.User.ViewModel", "src\Some1.User.ViewModel\Some1.User.ViewModel.csproj", "{262FF780-BC55-4E72-8E47-16DC9DAF162B}"
EndProject
Project("{9A19103F-16F7-4668-BE54-9A1E7A4F7556}") = "Some1.Auth.Front.Abstractions", "src\Some1.Auth.Front.Abstractions\Some1.Auth.Front.Abstractions.csproj", "{98EB62F8-CB37-4F71-A0C1-0004E5FC2803}"
EndProject
Project("{9A19103F-16F7-4668-BE54-9A1E7A4F7556}") = "Some1.Wait.Front", "src\Some1.Wait.Front\Some1.Wait.Front.csproj", "{27EAC60B-EB0A-4D9C-B6A5-A2609B4B8068}"
EndProject
Project("{9A19103F-16F7-4668-BE54-9A1E7A4F7556}") = "Some1.Auth.Front.Tests", "tests\Some1.Auth.Front.Tests\Some1.Auth.Front.Tests.csproj", "{957C021A-99B6-4252-8373-5C808E833E64}"
EndProject
Project("{9A19103F-16F7-4668-BE54-9A1E7A4F7556}") = "Some1.Wait.Front.Tests", "tests\Some1.Wait.Front.Tests\Some1.Wait.Front.Tests.csproj", "{1E09560C-F348-413B-9C8D-98A185FF0642}"
EndProject
Project("{2150E333-8FDC-42A3-9474-1A3956D46DE8}") = "tools", "tools", "{4B8B3D8E-D5A8-44C9-829B-8DE60C3AE2AF}"
EndProject
Project("{9A19103F-16F7-4668-BE54-9A1E7A4F7556}") = "Some1.UnityDependencyResolver", "tools\Some1.UnityDependencyResolver\Some1.UnityDependencyResolver.csproj", "{58142917-6836-48D5-BD95-A56343908F59}"
EndProject
Project("{9A19103F-16F7-4668-BE54-9A1E7A4F7556}") = "Some1.Sync", "src\Some1.Sync\Some1.Sync.csproj", "{FDFFB5C8-57E7-4318-92DE-63668CAF50F0}"
EndProject
Project("{9A19103F-16F7-4668-BE54-9A1E7A4F7556}") = "Some1.Play.Server.Tcp", "src\Some1.Play.Server.Tcp\Some1.Play.Server.Tcp.csproj", "{CD96C617-651B-4721-8409-5A6732E05A19}"
EndProject
Project("{9A19103F-16F7-4668-BE54-9A1E7A4F7556}") = "Some1.Play.Client.Tcp", "src\Some1.Play.Client.Tcp\Some1.Play.Client.Tcp.csproj", "{FD49B20F-1336-4AC1-9862-C03CA9AF5523}"
EndProject
Project("{9A19103F-16F7-4668-BE54-9A1E7A4F7556}") = "Some1.User.CLI", "src\Some1.User.CLI\Some1.User.CLI.csproj", "{3A3E5B75-F1C3-423B-A282-6FD14A1C2833}"
EndProject
Project("{9A19103F-16F7-4668-BE54-9A1E7A4F7556}") = "Some1.Net", "src\Some1.Net\Some1.Net.csproj", "{5EFF39DE-32F0-4ECC-9DA8-70E1B9265D72}"
EndProject
Project("{9A19103F-16F7-4668-BE54-9A1E7A4F7556}") = "Some1.Data.InMemory", "src\Some1.Data.InMemory\Some1.Data.InMemory.csproj", "{FBFCE314-AF9C-4B30-8101-8A403324D644}"
EndProject
Project("{9A19103F-16F7-4668-BE54-9A1E7A4F7556}") = "Some1.Play.Data.InMemory", "src\Some1.Play.Data.InMemory\Some1.Play.Data.InMemory.csproj", "{FD71508C-2F0D-41F1-8B3A-3964559C66ED}"
EndProject
Project("{9A19103F-16F7-4668-BE54-9A1E7A4F7556}") = "Some1.Wait.Data.Abstractions", "src\Some1.Wait.Data.Abstractions\Some1.Wait.Data.Abstractions.csproj", "{2C9A2F87-2AC2-46EB-9B53-5E42433F0EEC}"
EndProject
Project("{9A19103F-16F7-4668-BE54-9A1E7A4F7556}") = "Some1.Wait.Data.InMemory", "src\Some1.Wait.Data.InMemory\Some1.Wait.Data.InMemory.csproj", "{2A74C861-507C-4E8A-B059-01018108D919}"
EndProject
Project("{9A19103F-16F7-4668-BE54-9A1E7A4F7556}") = "Some1.Wait.Back.Abstractions", "src\Some1.Wait.Back.Abstractions\Some1.Wait.Back.Abstractions.csproj", "{44FBC1EE-6419-4B73-847E-F7A207BEE007}"
EndProject
Project("{9A19103F-16F7-4668-BE54-9A1E7A4F7556}") = "Some1.Wait.Back", "src\Some1.Wait.Back\Some1.Wait.Back.csproj", "{F79B2253-0E5D-48AE-8281-CF5C0242F95A}"
EndProject
Project("{9A19103F-16F7-4668-BE54-9A1E7A4F7556}") = "Some1.Wait.Back.MagicClient", "src\Some1.Wait.Back.MagicClient\Some1.Wait.Back.MagicClient.csproj", "{744182CA-1FBF-479C-A721-F06C085B3F35}"
EndProject
Project("{9A19103F-16F7-4668-BE54-9A1E7A4F7556}") = "Some1.Wait.Back.MagicServer", "src\Some1.Wait.Back.MagicServer\Some1.Wait.Back.MagicServer.csproj", "{41EC6930-D7A4-4BE9-AED9-67E3C52BA5CF}"
EndProject
Project("{9A19103F-16F7-4668-BE54-9A1E7A4F7556}") = "Some1.Prefs.Front", "src\Some1.Prefs.Front\Some1.Prefs.Front.csproj", "{EE0E2192-D2F8-404D-8799-87E411DE50EA}"
EndProject
Project("{9A19103F-16F7-4668-BE54-9A1E7A4F7556}") = "Some1.Prefs.Data.Abstractions", "src\Some1.Prefs.Data.Abstractions\Some1.Prefs.Data.Abstractions.csproj", "{4F65C6F9-C93C-4654-9230-A7EFC53F70F8}"
EndProject
Project("{9A19103F-16F7-4668-BE54-9A1E7A4F7556}") = "Some1.Prefs.UI", "src\Some1.Prefs.UI\Some1.Prefs.UI.csproj", "{714620D4-1C4B-40F7-943E-5AF2301CA3FA}"
EndProject
Project("{9A19103F-16F7-4668-BE54-9A1E7A4F7556}") = "Some1.UI", "src\Some1.UI\Some1.UI.csproj", "{60A9291E-3FFE-4182-9DDB-77CC7FF6AA90}"
EndProject
Project("{9A19103F-16F7-4668-BE54-9A1E7A4F7556}") = "Some1.Wait.Data.Postgres", "src\Some1.Wait.Data.Postgres\Some1.Wait.Data.Postgres.csproj", "{1850F519-3230-4455-B08E-647471E8F8D4}"
EndProject
Project("{9A19103F-16F7-4668-BE54-9A1E7A4F7556}") = "Some1.Play.Data.Postgres", "src\Some1.Play.Data.Postgres\Some1.Play.Data.Postgres.csproj", "{6779C5E4-EE21-439D-A006-78A5E2362C99}"
EndProject
Project("{9A19103F-16F7-4668-BE54-9A1E7A4F7556}") = "Some1.Resources", "src\Some1.Resources\Some1.Resources.csproj", "{B4D8FC71-916B-426B-BFD0-79DB955AB820}"
EndProject
Project("{9A19103F-16F7-4668-BE54-9A1E7A4F7556}") = "Some1.Auth.Admin", "src\Some1.Auth.Admin\Some1.Auth.Admin.csproj", "{26E8E6D6-796F-4570-BB39-567BCFA9D8EB}"
EndProject
Project("{9A19103F-16F7-4668-BE54-9A1E7A4F7556}") = "Some1.Store.Admin.Abstractions", "src\Some1.Store.Admin.Abstractions\Some1.Store.Admin.Abstractions.csproj", "{F455B62E-918D-49D3-BE75-534DB12184D2}"
EndProject
Project("{9A19103F-16F7-4668-BE54-9A1E7A4F7556}") = "Some1.Store.Admin", "src\Some1.Store.Admin\Some1.Store.Admin.csproj", "{98CD2DEA-9F24-4995-8B4C-C8D707D69E1A}"
EndProject
Project("{9A19103F-16F7-4668-BE54-9A1E7A4F7556}") = "Some1.Reactive", "src\Some1.Reactive\Some1.Reactive.csproj", "{80E1025D-D10B-4E7F-BE3C-C364CECA01D5}"
EndProject
Global
	GlobalSection(SolutionConfigurationPlatforms) = preSolution
		Debug|Any CPU = Debug|Any CPU
		Debug|ARM64 = Debug|ARM64
		Debug|x64 = Debug|x64
		Release|Any CPU = Release|Any CPU
		Release|ARM64 = Release|ARM64
		Release|x64 = Release|x64
	EndGlobalSection
	GlobalSection(ProjectConfigurationPlatforms) = postSolution
		{0CAEAFFC-9821-46D7-A27F-65EABE1D8827}.Debug|Any CPU.ActiveCfg = Debug|Any CPU
		{0CAEAFFC-9821-46D7-A27F-65EABE1D8827}.Debug|Any CPU.Build.0 = Debug|Any CPU
		{0CAEAFFC-9821-46D7-A27F-65EABE1D8827}.Debug|ARM64.ActiveCfg = Debug|ARM64
		{0CAEAFFC-9821-46D7-A27F-65EABE1D8827}.Debug|ARM64.Build.0 = Debug|ARM64
		{0CAEAFFC-9821-46D7-A27F-65EABE1D8827}.Debug|x64.ActiveCfg = Debug|x64
		{0CAEAFFC-9821-46D7-A27F-65EABE1D8827}.Debug|x64.Build.0 = Debug|x64
		{0CAEAFFC-9821-46D7-A27F-65EABE1D8827}.Release|Any CPU.ActiveCfg = Release|Any CPU
		{0CAEAFFC-9821-46D7-A27F-65EABE1D8827}.Release|Any CPU.Build.0 = Release|Any CPU
		{0CAEAFFC-9821-46D7-A27F-65EABE1D8827}.Release|ARM64.ActiveCfg = Release|ARM64
		{0CAEAFFC-9821-46D7-A27F-65EABE1D8827}.Release|ARM64.Build.0 = Release|ARM64
		{0CAEAFFC-9821-46D7-A27F-65EABE1D8827}.Release|x64.ActiveCfg = Release|x64
		{0CAEAFFC-9821-46D7-A27F-65EABE1D8827}.Release|x64.Build.0 = Release|x64
		{AA0BEC0E-1EEB-40FF-970E-3FC0FEE56986}.Debug|Any CPU.ActiveCfg = Debug|Any CPU
		{AA0BEC0E-1EEB-40FF-970E-3FC0FEE56986}.Debug|Any CPU.Build.0 = Debug|Any CPU
		{AA0BEC0E-1EEB-40FF-970E-3FC0FEE56986}.Debug|ARM64.ActiveCfg = Debug|ARM64
		{AA0BEC0E-1EEB-40FF-970E-3FC0FEE56986}.Debug|ARM64.Build.0 = Debug|ARM64
		{AA0BEC0E-1EEB-40FF-970E-3FC0FEE56986}.Debug|x64.ActiveCfg = Debug|x64
		{AA0BEC0E-1EEB-40FF-970E-3FC0FEE56986}.Debug|x64.Build.0 = Debug|x64
		{AA0BEC0E-1EEB-40FF-970E-3FC0FEE56986}.Release|Any CPU.ActiveCfg = Release|Any CPU
		{AA0BEC0E-1EEB-40FF-970E-3FC0FEE56986}.Release|Any CPU.Build.0 = Release|Any CPU
		{AA0BEC0E-1EEB-40FF-970E-3FC0FEE56986}.Release|ARM64.ActiveCfg = Release|ARM64
		{AA0BEC0E-1EEB-40FF-970E-3FC0FEE56986}.Release|ARM64.Build.0 = Release|ARM64
		{AA0BEC0E-1EEB-40FF-970E-3FC0FEE56986}.Release|x64.ActiveCfg = Release|x64
		{AA0BEC0E-1EEB-40FF-970E-3FC0FEE56986}.Release|x64.Build.0 = Release|x64
		{F6F64F5B-8752-4F78-B22B-AC39F97B9E8A}.Debug|Any CPU.ActiveCfg = Debug|Any CPU
		{F6F64F5B-8752-4F78-B22B-AC39F97B9E8A}.Debug|Any CPU.Build.0 = Debug|Any CPU
		{F6F64F5B-8752-4F78-B22B-AC39F97B9E8A}.Debug|ARM64.ActiveCfg = Debug|ARM64
		{F6F64F5B-8752-4F78-B22B-AC39F97B9E8A}.Debug|ARM64.Build.0 = Debug|ARM64
		{F6F64F5B-8752-4F78-B22B-AC39F97B9E8A}.Debug|x64.ActiveCfg = Debug|x64
		{F6F64F5B-8752-4F78-B22B-AC39F97B9E8A}.Debug|x64.Build.0 = Debug|x64
		{F6F64F5B-8752-4F78-B22B-AC39F97B9E8A}.Release|Any CPU.ActiveCfg = Release|Any CPU
		{F6F64F5B-8752-4F78-B22B-AC39F97B9E8A}.Release|Any CPU.Build.0 = Release|Any CPU
		{F6F64F5B-8752-4F78-B22B-AC39F97B9E8A}.Release|ARM64.ActiveCfg = Release|ARM64
		{F6F64F5B-8752-4F78-B22B-AC39F97B9E8A}.Release|ARM64.Build.0 = Release|ARM64
		{F6F64F5B-8752-4F78-B22B-AC39F97B9E8A}.Release|x64.ActiveCfg = Release|x64
		{F6F64F5B-8752-4F78-B22B-AC39F97B9E8A}.Release|x64.Build.0 = Release|x64
		{E14CC2EF-5D58-4033-AE83-5AD35C6C31A0}.Debug|Any CPU.ActiveCfg = Debug|Any CPU
		{E14CC2EF-5D58-4033-AE83-5AD35C6C31A0}.Debug|Any CPU.Build.0 = Debug|Any CPU
		{E14CC2EF-5D58-4033-AE83-5AD35C6C31A0}.Debug|ARM64.ActiveCfg = Debug|ARM64
		{E14CC2EF-5D58-4033-AE83-5AD35C6C31A0}.Debug|ARM64.Build.0 = Debug|ARM64
		{E14CC2EF-5D58-4033-AE83-5AD35C6C31A0}.Debug|x64.ActiveCfg = Debug|x64
		{E14CC2EF-5D58-4033-AE83-5AD35C6C31A0}.Debug|x64.Build.0 = Debug|x64
		{E14CC2EF-5D58-4033-AE83-5AD35C6C31A0}.Release|Any CPU.ActiveCfg = Release|Any CPU
		{E14CC2EF-5D58-4033-AE83-5AD35C6C31A0}.Release|Any CPU.Build.0 = Release|Any CPU
		{E14CC2EF-5D58-4033-AE83-5AD35C6C31A0}.Release|ARM64.ActiveCfg = Release|ARM64
		{E14CC2EF-5D58-4033-AE83-5AD35C6C31A0}.Release|ARM64.Build.0 = Release|ARM64
		{E14CC2EF-5D58-4033-AE83-5AD35C6C31A0}.Release|x64.ActiveCfg = Release|x64
		{E14CC2EF-5D58-4033-AE83-5AD35C6C31A0}.Release|x64.Build.0 = Release|x64
		{3CAE8601-BAEA-42F5-B8D1-7D9023EBCD5B}.Debug|Any CPU.ActiveCfg = Debug|Any CPU
		{3CAE8601-BAEA-42F5-B8D1-7D9023EBCD5B}.Debug|Any CPU.Build.0 = Debug|Any CPU
		{3CAE8601-BAEA-42F5-B8D1-7D9023EBCD5B}.Debug|ARM64.ActiveCfg = Debug|ARM64
		{3CAE8601-BAEA-42F5-B8D1-7D9023EBCD5B}.Debug|ARM64.Build.0 = Debug|ARM64
		{3CAE8601-BAEA-42F5-B8D1-7D9023EBCD5B}.Debug|x64.ActiveCfg = Debug|x64
		{3CAE8601-BAEA-42F5-B8D1-7D9023EBCD5B}.Debug|x64.Build.0 = Debug|x64
		{3CAE8601-BAEA-42F5-B8D1-7D9023EBCD5B}.Release|Any CPU.ActiveCfg = Release|Any CPU
		{3CAE8601-BAEA-42F5-B8D1-7D9023EBCD5B}.Release|Any CPU.Build.0 = Release|Any CPU
		{3CAE8601-BAEA-42F5-B8D1-7D9023EBCD5B}.Release|ARM64.ActiveCfg = Release|ARM64
		{3CAE8601-BAEA-42F5-B8D1-7D9023EBCD5B}.Release|ARM64.Build.0 = Release|ARM64
		{3CAE8601-BAEA-42F5-B8D1-7D9023EBCD5B}.Release|x64.ActiveCfg = Release|x64
		{3CAE8601-BAEA-42F5-B8D1-7D9023EBCD5B}.Release|x64.Build.0 = Release|x64
		{D54A25F0-4180-476F-A65D-AEE1392B5726}.Debug|Any CPU.ActiveCfg = Debug|Any CPU
		{D54A25F0-4180-476F-A65D-AEE1392B5726}.Debug|Any CPU.Build.0 = Debug|Any CPU
		{D54A25F0-4180-476F-A65D-AEE1392B5726}.Debug|ARM64.ActiveCfg = Debug|ARM64
		{D54A25F0-4180-476F-A65D-AEE1392B5726}.Debug|ARM64.Build.0 = Debug|ARM64
		{D54A25F0-4180-476F-A65D-AEE1392B5726}.Debug|x64.ActiveCfg = Debug|x64
		{D54A25F0-4180-476F-A65D-AEE1392B5726}.Debug|x64.Build.0 = Debug|x64
		{D54A25F0-4180-476F-A65D-AEE1392B5726}.Release|Any CPU.ActiveCfg = Release|Any CPU
		{D54A25F0-4180-476F-A65D-AEE1392B5726}.Release|Any CPU.Build.0 = Release|Any CPU
		{D54A25F0-4180-476F-A65D-AEE1392B5726}.Release|ARM64.ActiveCfg = Release|ARM64
		{D54A25F0-4180-476F-A65D-AEE1392B5726}.Release|ARM64.Build.0 = Release|ARM64
		{D54A25F0-4180-476F-A65D-AEE1392B5726}.Release|x64.ActiveCfg = Release|x64
		{D54A25F0-4180-476F-A65D-AEE1392B5726}.Release|x64.Build.0 = Release|x64
		{AC4E4298-F33C-4CB5-ABEB-301C346DACC8}.Debug|Any CPU.ActiveCfg = Debug|Any CPU
		{AC4E4298-F33C-4CB5-ABEB-301C346DACC8}.Debug|Any CPU.Build.0 = Debug|Any CPU
		{AC4E4298-F33C-4CB5-ABEB-301C346DACC8}.Debug|ARM64.ActiveCfg = Debug|ARM64
		{AC4E4298-F33C-4CB5-ABEB-301C346DACC8}.Debug|ARM64.Build.0 = Debug|ARM64
		{AC4E4298-F33C-4CB5-ABEB-301C346DACC8}.Debug|x64.ActiveCfg = Debug|x64
		{AC4E4298-F33C-4CB5-ABEB-301C346DACC8}.Debug|x64.Build.0 = Debug|x64
		{AC4E4298-F33C-4CB5-ABEB-301C346DACC8}.Release|Any CPU.ActiveCfg = Release|Any CPU
		{AC4E4298-F33C-4CB5-ABEB-301C346DACC8}.Release|Any CPU.Build.0 = Release|Any CPU
		{AC4E4298-F33C-4CB5-ABEB-301C346DACC8}.Release|ARM64.ActiveCfg = Release|ARM64
		{AC4E4298-F33C-4CB5-ABEB-301C346DACC8}.Release|ARM64.Build.0 = Release|ARM64
		{AC4E4298-F33C-4CB5-ABEB-301C346DACC8}.Release|x64.ActiveCfg = Release|x64
		{AC4E4298-F33C-4CB5-ABEB-301C346DACC8}.Release|x64.Build.0 = Release|x64
		{9C456637-27C3-4933-BCB6-8F9AC5CFF74A}.Debug|Any CPU.ActiveCfg = Debug|Any CPU
		{9C456637-27C3-4933-BCB6-8F9AC5CFF74A}.Debug|Any CPU.Build.0 = Debug|Any CPU
		{9C456637-27C3-4933-BCB6-8F9AC5CFF74A}.Debug|ARM64.ActiveCfg = Debug|ARM64
		{9C456637-27C3-4933-BCB6-8F9AC5CFF74A}.Debug|ARM64.Build.0 = Debug|ARM64
		{9C456637-27C3-4933-BCB6-8F9AC5CFF74A}.Debug|x64.ActiveCfg = Debug|x64
		{9C456637-27C3-4933-BCB6-8F9AC5CFF74A}.Debug|x64.Build.0 = Debug|x64
		{9C456637-27C3-4933-BCB6-8F9AC5CFF74A}.Release|Any CPU.ActiveCfg = Release|Any CPU
		{9C456637-27C3-4933-BCB6-8F9AC5CFF74A}.Release|Any CPU.Build.0 = Release|Any CPU
		{9C456637-27C3-4933-BCB6-8F9AC5CFF74A}.Release|ARM64.ActiveCfg = Release|ARM64
		{9C456637-27C3-4933-BCB6-8F9AC5CFF74A}.Release|ARM64.Build.0 = Release|ARM64
		{9C456637-27C3-4933-BCB6-8F9AC5CFF74A}.Release|x64.ActiveCfg = Release|x64
		{9C456637-27C3-4933-BCB6-8F9AC5CFF74A}.Release|x64.Build.0 = Release|x64
		{7CF02675-2EB8-4AC2-A2E5-F15189A89D9D}.Debug|Any CPU.ActiveCfg = Debug|Any CPU
		{7CF02675-2EB8-4AC2-A2E5-F15189A89D9D}.Debug|Any CPU.Build.0 = Debug|Any CPU
		{7CF02675-2EB8-4AC2-A2E5-F15189A89D9D}.Debug|ARM64.ActiveCfg = Debug|ARM64
		{7CF02675-2EB8-4AC2-A2E5-F15189A89D9D}.Debug|ARM64.Build.0 = Debug|ARM64
		{7CF02675-2EB8-4AC2-A2E5-F15189A89D9D}.Debug|x64.ActiveCfg = Debug|x64
		{7CF02675-2EB8-4AC2-A2E5-F15189A89D9D}.Debug|x64.Build.0 = Debug|x64
		{7CF02675-2EB8-4AC2-A2E5-F15189A89D9D}.Release|Any CPU.ActiveCfg = Release|Any CPU
		{7CF02675-2EB8-4AC2-A2E5-F15189A89D9D}.Release|Any CPU.Build.0 = Release|Any CPU
		{7CF02675-2EB8-4AC2-A2E5-F15189A89D9D}.Release|ARM64.ActiveCfg = Release|ARM64
		{7CF02675-2EB8-4AC2-A2E5-F15189A89D9D}.Release|ARM64.Build.0 = Release|ARM64
		{7CF02675-2EB8-4AC2-A2E5-F15189A89D9D}.Release|x64.ActiveCfg = Release|x64
		{7CF02675-2EB8-4AC2-A2E5-F15189A89D9D}.Release|x64.Build.0 = Release|x64
		{262FF780-BC55-4E72-8E47-16DC9DAF162B}.Debug|Any CPU.ActiveCfg = Debug|Any CPU
		{262FF780-BC55-4E72-8E47-16DC9DAF162B}.Debug|Any CPU.Build.0 = Debug|Any CPU
		{262FF780-BC55-4E72-8E47-16DC9DAF162B}.Debug|ARM64.ActiveCfg = Debug|ARM64
		{262FF780-BC55-4E72-8E47-16DC9DAF162B}.Debug|ARM64.Build.0 = Debug|ARM64
		{262FF780-BC55-4E72-8E47-16DC9DAF162B}.Debug|x64.ActiveCfg = Debug|x64
		{262FF780-BC55-4E72-8E47-16DC9DAF162B}.Debug|x64.Build.0 = Debug|x64
		{262FF780-BC55-4E72-8E47-16DC9DAF162B}.Release|Any CPU.ActiveCfg = Release|Any CPU
		{262FF780-BC55-4E72-8E47-16DC9DAF162B}.Release|Any CPU.Build.0 = Release|Any CPU
		{262FF780-BC55-4E72-8E47-16DC9DAF162B}.Release|ARM64.ActiveCfg = Release|ARM64
		{262FF780-BC55-4E72-8E47-16DC9DAF162B}.Release|ARM64.Build.0 = Release|ARM64
		{262FF780-BC55-4E72-8E47-16DC9DAF162B}.Release|x64.ActiveCfg = Release|x64
		{262FF780-BC55-4E72-8E47-16DC9DAF162B}.Release|x64.Build.0 = Release|x64
		{98EB62F8-CB37-4F71-A0C1-0004E5FC2803}.Debug|Any CPU.ActiveCfg = Debug|Any CPU
		{98EB62F8-CB37-4F71-A0C1-0004E5FC2803}.Debug|Any CPU.Build.0 = Debug|Any CPU
		{98EB62F8-CB37-4F71-A0C1-0004E5FC2803}.Debug|ARM64.ActiveCfg = Debug|ARM64
		{98EB62F8-CB37-4F71-A0C1-0004E5FC2803}.Debug|ARM64.Build.0 = Debug|ARM64
		{98EB62F8-CB37-4F71-A0C1-0004E5FC2803}.Debug|x64.ActiveCfg = Debug|x64
		{98EB62F8-CB37-4F71-A0C1-0004E5FC2803}.Debug|x64.Build.0 = Debug|x64
		{98EB62F8-CB37-4F71-A0C1-0004E5FC2803}.Release|Any CPU.ActiveCfg = Release|Any CPU
		{98EB62F8-CB37-4F71-A0C1-0004E5FC2803}.Release|Any CPU.Build.0 = Release|Any CPU
		{98EB62F8-CB37-4F71-A0C1-0004E5FC2803}.Release|ARM64.ActiveCfg = Release|ARM64
		{98EB62F8-CB37-4F71-A0C1-0004E5FC2803}.Release|ARM64.Build.0 = Release|ARM64
		{98EB62F8-CB37-4F71-A0C1-0004E5FC2803}.Release|x64.ActiveCfg = Release|x64
		{98EB62F8-CB37-4F71-A0C1-0004E5FC2803}.Release|x64.Build.0 = Release|x64
		{27EAC60B-EB0A-4D9C-B6A5-A2609B4B8068}.Debug|Any CPU.ActiveCfg = Debug|Any CPU
		{27EAC60B-EB0A-4D9C-B6A5-A2609B4B8068}.Debug|Any CPU.Build.0 = Debug|Any CPU
		{27EAC60B-EB0A-4D9C-B6A5-A2609B4B8068}.Debug|ARM64.ActiveCfg = Debug|ARM64
		{27EAC60B-EB0A-4D9C-B6A5-A2609B4B8068}.Debug|ARM64.Build.0 = Debug|ARM64
		{27EAC60B-EB0A-4D9C-B6A5-A2609B4B8068}.Debug|x64.ActiveCfg = Debug|x64
		{27EAC60B-EB0A-4D9C-B6A5-A2609B4B8068}.Debug|x64.Build.0 = Debug|x64
		{27EAC60B-EB0A-4D9C-B6A5-A2609B4B8068}.Release|Any CPU.ActiveCfg = Release|Any CPU
		{27EAC60B-EB0A-4D9C-B6A5-A2609B4B8068}.Release|Any CPU.Build.0 = Release|Any CPU
		{27EAC60B-EB0A-4D9C-B6A5-A2609B4B8068}.Release|ARM64.ActiveCfg = Release|ARM64
		{27EAC60B-EB0A-4D9C-B6A5-A2609B4B8068}.Release|ARM64.Build.0 = Release|ARM64
		{27EAC60B-EB0A-4D9C-B6A5-A2609B4B8068}.Release|x64.ActiveCfg = Release|x64
		{27EAC60B-EB0A-4D9C-B6A5-A2609B4B8068}.Release|x64.Build.0 = Release|x64
		{957C021A-99B6-4252-8373-5C808E833E64}.Debug|Any CPU.ActiveCfg = Debug|Any CPU
		{957C021A-99B6-4252-8373-5C808E833E64}.Debug|Any CPU.Build.0 = Debug|Any CPU
		{957C021A-99B6-4252-8373-5C808E833E64}.Debug|ARM64.ActiveCfg = Debug|ARM64
		{957C021A-99B6-4252-8373-5C808E833E64}.Debug|ARM64.Build.0 = Debug|ARM64
		{957C021A-99B6-4252-8373-5C808E833E64}.Debug|x64.ActiveCfg = Debug|x64
		{957C021A-99B6-4252-8373-5C808E833E64}.Debug|x64.Build.0 = Debug|x64
		{957C021A-99B6-4252-8373-5C808E833E64}.Release|Any CPU.ActiveCfg = Release|Any CPU
		{957C021A-99B6-4252-8373-5C808E833E64}.Release|Any CPU.Build.0 = Release|Any CPU
		{957C021A-99B6-4252-8373-5C808E833E64}.Release|ARM64.ActiveCfg = Release|ARM64
		{957C021A-99B6-4252-8373-5C808E833E64}.Release|ARM64.Build.0 = Release|ARM64
		{957C021A-99B6-4252-8373-5C808E833E64}.Release|x64.ActiveCfg = Release|x64
		{957C021A-99B6-4252-8373-5C808E833E64}.Release|x64.Build.0 = Release|x64
		{1E09560C-F348-413B-9C8D-98A185FF0642}.Debug|Any CPU.ActiveCfg = Debug|Any CPU
		{1E09560C-F348-413B-9C8D-98A185FF0642}.Debug|Any CPU.Build.0 = Debug|Any CPU
		{1E09560C-F348-413B-9C8D-98A185FF0642}.Debug|ARM64.ActiveCfg = Debug|ARM64
		{1E09560C-F348-413B-9C8D-98A185FF0642}.Debug|ARM64.Build.0 = Debug|ARM64
		{1E09560C-F348-413B-9C8D-98A185FF0642}.Debug|x64.ActiveCfg = Debug|x64
		{1E09560C-F348-413B-9C8D-98A185FF0642}.Debug|x64.Build.0 = Debug|x64
		{1E09560C-F348-413B-9C8D-98A185FF0642}.Release|Any CPU.ActiveCfg = Release|Any CPU
		{1E09560C-F348-413B-9C8D-98A185FF0642}.Release|Any CPU.Build.0 = Release|Any CPU
		{1E09560C-F348-413B-9C8D-98A185FF0642}.Release|ARM64.ActiveCfg = Release|ARM64
		{1E09560C-F348-413B-9C8D-98A185FF0642}.Release|ARM64.Build.0 = Release|ARM64
		{1E09560C-F348-413B-9C8D-98A185FF0642}.Release|x64.ActiveCfg = Release|x64
		{1E09560C-F348-413B-9C8D-98A185FF0642}.Release|x64.Build.0 = Release|x64
		{58142917-6836-48D5-BD95-A56343908F59}.Debug|Any CPU.ActiveCfg = Debug|Any CPU
		{58142917-6836-48D5-BD95-A56343908F59}.Debug|Any CPU.Build.0 = Debug|Any CPU
		{58142917-6836-48D5-BD95-A56343908F59}.Debug|ARM64.ActiveCfg = Debug|ARM64
		{58142917-6836-48D5-BD95-A56343908F59}.Debug|ARM64.Build.0 = Debug|ARM64
		{58142917-6836-48D5-BD95-A56343908F59}.Debug|x64.ActiveCfg = Debug|x64
		{58142917-6836-48D5-BD95-A56343908F59}.Debug|x64.Build.0 = Debug|x64
		{58142917-6836-48D5-BD95-A56343908F59}.Release|Any CPU.ActiveCfg = Release|Any CPU
		{58142917-6836-48D5-BD95-A56343908F59}.Release|Any CPU.Build.0 = Release|Any CPU
		{58142917-6836-48D5-BD95-A56343908F59}.Release|ARM64.ActiveCfg = Release|ARM64
		{58142917-6836-48D5-BD95-A56343908F59}.Release|ARM64.Build.0 = Release|ARM64
		{58142917-6836-48D5-BD95-A56343908F59}.Release|x64.ActiveCfg = Release|x64
		{58142917-6836-48D5-BD95-A56343908F59}.Release|x64.Build.0 = Release|x64
		{FDFFB5C8-57E7-4318-92DE-63668CAF50F0}.Debug|Any CPU.ActiveCfg = Debug|Any CPU
		{FDFFB5C8-57E7-4318-92DE-63668CAF50F0}.Debug|Any CPU.Build.0 = Debug|Any CPU
		{FDFFB5C8-57E7-4318-92DE-63668CAF50F0}.Debug|ARM64.ActiveCfg = Debug|ARM64
		{FDFFB5C8-57E7-4318-92DE-63668CAF50F0}.Debug|ARM64.Build.0 = Debug|ARM64
		{FDFFB5C8-57E7-4318-92DE-63668CAF50F0}.Debug|x64.ActiveCfg = Debug|x64
		{FDFFB5C8-57E7-4318-92DE-63668CAF50F0}.Debug|x64.Build.0 = Debug|x64
		{FDFFB5C8-57E7-4318-92DE-63668CAF50F0}.Release|Any CPU.ActiveCfg = Release|Any CPU
		{FDFFB5C8-57E7-4318-92DE-63668CAF50F0}.Release|Any CPU.Build.0 = Release|Any CPU
		{FDFFB5C8-57E7-4318-92DE-63668CAF50F0}.Release|ARM64.ActiveCfg = Release|ARM64
		{FDFFB5C8-57E7-4318-92DE-63668CAF50F0}.Release|ARM64.Build.0 = Release|ARM64
		{FDFFB5C8-57E7-4318-92DE-63668CAF50F0}.Release|x64.ActiveCfg = Release|x64
		{FDFFB5C8-57E7-4318-92DE-63668CAF50F0}.Release|x64.Build.0 = Release|x64
		{CD96C617-651B-4721-8409-5A6732E05A19}.Debug|Any CPU.ActiveCfg = Debug|Any CPU
		{CD96C617-651B-4721-8409-5A6732E05A19}.Debug|Any CPU.Build.0 = Debug|Any CPU
		{CD96C617-651B-4721-8409-5A6732E05A19}.Debug|ARM64.ActiveCfg = Debug|ARM64
		{CD96C617-651B-4721-8409-5A6732E05A19}.Debug|ARM64.Build.0 = Debug|ARM64
		{CD96C617-651B-4721-8409-5A6732E05A19}.Debug|x64.ActiveCfg = Debug|x64
		{CD96C617-651B-4721-8409-5A6732E05A19}.Debug|x64.Build.0 = Debug|x64
		{CD96C617-651B-4721-8409-5A6732E05A19}.Release|Any CPU.ActiveCfg = Release|Any CPU
		{CD96C617-651B-4721-8409-5A6732E05A19}.Release|Any CPU.Build.0 = Release|Any CPU
		{CD96C617-651B-4721-8409-5A6732E05A19}.Release|ARM64.ActiveCfg = Release|ARM64
		{CD96C617-651B-4721-8409-5A6732E05A19}.Release|ARM64.Build.0 = Release|ARM64
		{CD96C617-651B-4721-8409-5A6732E05A19}.Release|x64.ActiveCfg = Release|x64
		{CD96C617-651B-4721-8409-5A6732E05A19}.Release|x64.Build.0 = Release|x64
		{FD49B20F-1336-4AC1-9862-C03CA9AF5523}.Debug|Any CPU.ActiveCfg = Debug|Any CPU
		{FD49B20F-1336-4AC1-9862-C03CA9AF5523}.Debug|Any CPU.Build.0 = Debug|Any CPU
		{FD49B20F-1336-4AC1-9862-C03CA9AF5523}.Debug|ARM64.ActiveCfg = Debug|ARM64
		{FD49B20F-1336-4AC1-9862-C03CA9AF5523}.Debug|ARM64.Build.0 = Debug|ARM64
		{FD49B20F-1336-4AC1-9862-C03CA9AF5523}.Debug|x64.ActiveCfg = Debug|x64
		{FD49B20F-1336-4AC1-9862-C03CA9AF5523}.Debug|x64.Build.0 = Debug|x64
		{FD49B20F-1336-4AC1-9862-C03CA9AF5523}.Release|Any CPU.ActiveCfg = Release|Any CPU
		{FD49B20F-1336-4AC1-9862-C03CA9AF5523}.Release|Any CPU.Build.0 = Release|Any CPU
		{FD49B20F-1336-4AC1-9862-C03CA9AF5523}.Release|ARM64.ActiveCfg = Release|ARM64
		{FD49B20F-1336-4AC1-9862-C03CA9AF5523}.Release|ARM64.Build.0 = Release|ARM64
		{FD49B20F-1336-4AC1-9862-C03CA9AF5523}.Release|x64.ActiveCfg = Release|x64
		{FD49B20F-1336-4AC1-9862-C03CA9AF5523}.Release|x64.Build.0 = Release|x64
		{3A3E5B75-F1C3-423B-A282-6FD14A1C2833}.Debug|Any CPU.ActiveCfg = Debug|Any CPU
		{3A3E5B75-F1C3-423B-A282-6FD14A1C2833}.Debug|Any CPU.Build.0 = Debug|Any CPU
		{3A3E5B75-F1C3-423B-A282-6FD14A1C2833}.Debug|ARM64.ActiveCfg = Debug|ARM64
		{3A3E5B75-F1C3-423B-A282-6FD14A1C2833}.Debug|ARM64.Build.0 = Debug|ARM64
		{3A3E5B75-F1C3-423B-A282-6FD14A1C2833}.Debug|x64.ActiveCfg = Debug|x64
		{3A3E5B75-F1C3-423B-A282-6FD14A1C2833}.Debug|x64.Build.0 = Debug|x64
		{3A3E5B75-F1C3-423B-A282-6FD14A1C2833}.Release|Any CPU.ActiveCfg = Release|Any CPU
		{3A3E5B75-F1C3-423B-A282-6FD14A1C2833}.Release|Any CPU.Build.0 = Release|Any CPU
		{3A3E5B75-F1C3-423B-A282-6FD14A1C2833}.Release|ARM64.ActiveCfg = Release|ARM64
		{3A3E5B75-F1C3-423B-A282-6FD14A1C2833}.Release|ARM64.Build.0 = Release|ARM64
		{3A3E5B75-F1C3-423B-A282-6FD14A1C2833}.Release|x64.ActiveCfg = Release|x64
		{3A3E5B75-F1C3-423B-A282-6FD14A1C2833}.Release|x64.Build.0 = Release|x64
		{5EFF39DE-32F0-4ECC-9DA8-70E1B9265D72}.Debug|Any CPU.ActiveCfg = Debug|Any CPU
		{5EFF39DE-32F0-4ECC-9DA8-70E1B9265D72}.Debug|Any CPU.Build.0 = Debug|Any CPU
		{5EFF39DE-32F0-4ECC-9DA8-70E1B9265D72}.Debug|ARM64.ActiveCfg = Debug|ARM64
		{5EFF39DE-32F0-4ECC-9DA8-70E1B9265D72}.Debug|ARM64.Build.0 = Debug|ARM64
		{5EFF39DE-32F0-4ECC-9DA8-70E1B9265D72}.Debug|x64.ActiveCfg = Debug|x64
		{5EFF39DE-32F0-4ECC-9DA8-70E1B9265D72}.Debug|x64.Build.0 = Debug|x64
		{5EFF39DE-32F0-4ECC-9DA8-70E1B9265D72}.Release|Any CPU.ActiveCfg = Release|Any CPU
		{5EFF39DE-32F0-4ECC-9DA8-70E1B9265D72}.Release|Any CPU.Build.0 = Release|Any CPU
		{5EFF39DE-32F0-4ECC-9DA8-70E1B9265D72}.Release|ARM64.ActiveCfg = Release|ARM64
		{5EFF39DE-32F0-4ECC-9DA8-70E1B9265D72}.Release|ARM64.Build.0 = Release|ARM64
		{5EFF39DE-32F0-4ECC-9DA8-70E1B9265D72}.Release|x64.ActiveCfg = Release|x64
		{5EFF39DE-32F0-4ECC-9DA8-70E1B9265D72}.Release|x64.Build.0 = Release|x64
		{FBFCE314-AF9C-4B30-8101-8A403324D644}.Debug|Any CPU.ActiveCfg = Debug|Any CPU
		{FBFCE314-AF9C-4B30-8101-8A403324D644}.Debug|Any CPU.Build.0 = Debug|Any CPU
		{FBFCE314-AF9C-4B30-8101-8A403324D644}.Debug|ARM64.ActiveCfg = Debug|ARM64
		{FBFCE314-AF9C-4B30-8101-8A403324D644}.Debug|ARM64.Build.0 = Debug|ARM64
		{FBFCE314-AF9C-4B30-8101-8A403324D644}.Debug|x64.ActiveCfg = Debug|x64
		{FBFCE314-AF9C-4B30-8101-8A403324D644}.Debug|x64.Build.0 = Debug|x64
		{FBFCE314-AF9C-4B30-8101-8A403324D644}.Release|Any CPU.ActiveCfg = Release|Any CPU
		{FBFCE314-AF9C-4B30-8101-8A403324D644}.Release|Any CPU.Build.0 = Release|Any CPU
		{FBFCE314-AF9C-4B30-8101-8A403324D644}.Release|ARM64.ActiveCfg = Release|ARM64
		{FBFCE314-AF9C-4B30-8101-8A403324D644}.Release|ARM64.Build.0 = Release|ARM64
		{FBFCE314-AF9C-4B30-8101-8A403324D644}.Release|x64.ActiveCfg = Release|x64
		{FBFCE314-AF9C-4B30-8101-8A403324D644}.Release|x64.Build.0 = Release|x64
		{FD71508C-2F0D-41F1-8B3A-3964559C66ED}.Debug|Any CPU.ActiveCfg = Debug|Any CPU
		{FD71508C-2F0D-41F1-8B3A-3964559C66ED}.Debug|Any CPU.Build.0 = Debug|Any CPU
		{FD71508C-2F0D-41F1-8B3A-3964559C66ED}.Debug|ARM64.ActiveCfg = Debug|ARM64
		{FD71508C-2F0D-41F1-8B3A-3964559C66ED}.Debug|ARM64.Build.0 = Debug|ARM64
		{FD71508C-2F0D-41F1-8B3A-3964559C66ED}.Debug|x64.ActiveCfg = Debug|x64
		{FD71508C-2F0D-41F1-8B3A-3964559C66ED}.Debug|x64.Build.0 = Debug|x64
		{FD71508C-2F0D-41F1-8B3A-3964559C66ED}.Release|Any CPU.ActiveCfg = Release|Any CPU
		{FD71508C-2F0D-41F1-8B3A-3964559C66ED}.Release|Any CPU.Build.0 = Release|Any CPU
		{FD71508C-2F0D-41F1-8B3A-3964559C66ED}.Release|ARM64.ActiveCfg = Release|ARM64
		{FD71508C-2F0D-41F1-8B3A-3964559C66ED}.Release|ARM64.Build.0 = Release|ARM64
		{FD71508C-2F0D-41F1-8B3A-3964559C66ED}.Release|x64.ActiveCfg = Release|x64
		{FD71508C-2F0D-41F1-8B3A-3964559C66ED}.Release|x64.Build.0 = Release|x64
		{2C9A2F87-2AC2-46EB-9B53-5E42433F0EEC}.Debug|Any CPU.ActiveCfg = Debug|Any CPU
		{2C9A2F87-2AC2-46EB-9B53-5E42433F0EEC}.Debug|Any CPU.Build.0 = Debug|Any CPU
		{2C9A2F87-2AC2-46EB-9B53-5E42433F0EEC}.Debug|ARM64.ActiveCfg = Debug|ARM64
		{2C9A2F87-2AC2-46EB-9B53-5E42433F0EEC}.Debug|ARM64.Build.0 = Debug|ARM64
		{2C9A2F87-2AC2-46EB-9B53-5E42433F0EEC}.Debug|x64.ActiveCfg = Debug|x64
		{2C9A2F87-2AC2-46EB-9B53-5E42433F0EEC}.Debug|x64.Build.0 = Debug|x64
		{2C9A2F87-2AC2-46EB-9B53-5E42433F0EEC}.Release|Any CPU.ActiveCfg = Release|Any CPU
		{2C9A2F87-2AC2-46EB-9B53-5E42433F0EEC}.Release|Any CPU.Build.0 = Release|Any CPU
		{2C9A2F87-2AC2-46EB-9B53-5E42433F0EEC}.Release|ARM64.ActiveCfg = Release|ARM64
		{2C9A2F87-2AC2-46EB-9B53-5E42433F0EEC}.Release|ARM64.Build.0 = Release|ARM64
		{2C9A2F87-2AC2-46EB-9B53-5E42433F0EEC}.Release|x64.ActiveCfg = Release|x64
		{2C9A2F87-2AC2-46EB-9B53-5E42433F0EEC}.Release|x64.Build.0 = Release|x64
		{2A74C861-507C-4E8A-B059-01018108D919}.Debug|Any CPU.ActiveCfg = Debug|Any CPU
		{2A74C861-507C-4E8A-B059-01018108D919}.Debug|Any CPU.Build.0 = Debug|Any CPU
		{2A74C861-507C-4E8A-B059-01018108D919}.Debug|ARM64.ActiveCfg = Debug|ARM64
		{2A74C861-507C-4E8A-B059-01018108D919}.Debug|ARM64.Build.0 = Debug|ARM64
		{2A74C861-507C-4E8A-B059-01018108D919}.Debug|x64.ActiveCfg = Debug|x64
		{2A74C861-507C-4E8A-B059-01018108D919}.Debug|x64.Build.0 = Debug|x64
		{2A74C861-507C-4E8A-B059-01018108D919}.Release|Any CPU.ActiveCfg = Release|Any CPU
		{2A74C861-507C-4E8A-B059-01018108D919}.Release|Any CPU.Build.0 = Release|Any CPU
		{2A74C861-507C-4E8A-B059-01018108D919}.Release|ARM64.ActiveCfg = Release|ARM64
		{2A74C861-507C-4E8A-B059-01018108D919}.Release|ARM64.Build.0 = Release|ARM64
		{2A74C861-507C-4E8A-B059-01018108D919}.Release|x64.ActiveCfg = Release|x64
		{2A74C861-507C-4E8A-B059-01018108D919}.Release|x64.Build.0 = Release|x64
		{44FBC1EE-6419-4B73-847E-F7A207BEE007}.Debug|Any CPU.ActiveCfg = Debug|Any CPU
		{44FBC1EE-6419-4B73-847E-F7A207BEE007}.Debug|Any CPU.Build.0 = Debug|Any CPU
		{44FBC1EE-6419-4B73-847E-F7A207BEE007}.Debug|ARM64.ActiveCfg = Debug|ARM64
		{44FBC1EE-6419-4B73-847E-F7A207BEE007}.Debug|ARM64.Build.0 = Debug|ARM64
		{44FBC1EE-6419-4B73-847E-F7A207BEE007}.Debug|x64.ActiveCfg = Debug|x64
		{44FBC1EE-6419-4B73-847E-F7A207BEE007}.Debug|x64.Build.0 = Debug|x64
		{44FBC1EE-6419-4B73-847E-F7A207BEE007}.Release|Any CPU.ActiveCfg = Release|Any CPU
		{44FBC1EE-6419-4B73-847E-F7A207BEE007}.Release|Any CPU.Build.0 = Release|Any CPU
		{44FBC1EE-6419-4B73-847E-F7A207BEE007}.Release|ARM64.ActiveCfg = Release|ARM64
		{44FBC1EE-6419-4B73-847E-F7A207BEE007}.Release|ARM64.Build.0 = Release|ARM64
		{44FBC1EE-6419-4B73-847E-F7A207BEE007}.Release|x64.ActiveCfg = Release|x64
		{44FBC1EE-6419-4B73-847E-F7A207BEE007}.Release|x64.Build.0 = Release|x64
		{F79B2253-0E5D-48AE-8281-CF5C0242F95A}.Debug|Any CPU.ActiveCfg = Debug|Any CPU
		{F79B2253-0E5D-48AE-8281-CF5C0242F95A}.Debug|Any CPU.Build.0 = Debug|Any CPU
		{F79B2253-0E5D-48AE-8281-CF5C0242F95A}.Debug|ARM64.ActiveCfg = Debug|ARM64
		{F79B2253-0E5D-48AE-8281-CF5C0242F95A}.Debug|ARM64.Build.0 = Debug|ARM64
		{F79B2253-0E5D-48AE-8281-CF5C0242F95A}.Debug|x64.ActiveCfg = Debug|x64
		{F79B2253-0E5D-48AE-8281-CF5C0242F95A}.Debug|x64.Build.0 = Debug|x64
		{F79B2253-0E5D-48AE-8281-CF5C0242F95A}.Release|Any CPU.ActiveCfg = Release|Any CPU
		{F79B2253-0E5D-48AE-8281-CF5C0242F95A}.Release|Any CPU.Build.0 = Release|Any CPU
		{F79B2253-0E5D-48AE-8281-CF5C0242F95A}.Release|ARM64.ActiveCfg = Release|ARM64
		{F79B2253-0E5D-48AE-8281-CF5C0242F95A}.Release|ARM64.Build.0 = Release|ARM64
		{F79B2253-0E5D-48AE-8281-CF5C0242F95A}.Release|x64.ActiveCfg = Release|x64
		{F79B2253-0E5D-48AE-8281-CF5C0242F95A}.Release|x64.Build.0 = Release|x64
		{744182CA-1FBF-479C-A721-F06C085B3F35}.Debug|Any CPU.ActiveCfg = Debug|Any CPU
		{744182CA-1FBF-479C-A721-F06C085B3F35}.Debug|Any CPU.Build.0 = Debug|Any CPU
		{744182CA-1FBF-479C-A721-F06C085B3F35}.Debug|ARM64.ActiveCfg = Debug|ARM64
		{744182CA-1FBF-479C-A721-F06C085B3F35}.Debug|ARM64.Build.0 = Debug|ARM64
		{744182CA-1FBF-479C-A721-F06C085B3F35}.Debug|x64.ActiveCfg = Debug|x64
		{744182CA-1FBF-479C-A721-F06C085B3F35}.Debug|x64.Build.0 = Debug|x64
		{744182CA-1FBF-479C-A721-F06C085B3F35}.Release|Any CPU.ActiveCfg = Release|Any CPU
		{744182CA-1FBF-479C-A721-F06C085B3F35}.Release|Any CPU.Build.0 = Release|Any CPU
		{744182CA-1FBF-479C-A721-F06C085B3F35}.Release|ARM64.ActiveCfg = Release|ARM64
		{744182CA-1FBF-479C-A721-F06C085B3F35}.Release|ARM64.Build.0 = Release|ARM64
		{744182CA-1FBF-479C-A721-F06C085B3F35}.Release|x64.ActiveCfg = Release|x64
		{744182CA-1FBF-479C-A721-F06C085B3F35}.Release|x64.Build.0 = Release|x64
		{41EC6930-D7A4-4BE9-AED9-67E3C52BA5CF}.Debug|Any CPU.ActiveCfg = Debug|Any CPU
		{41EC6930-D7A4-4BE9-AED9-67E3C52BA5CF}.Debug|Any CPU.Build.0 = Debug|Any CPU
		{41EC6930-D7A4-4BE9-AED9-67E3C52BA5CF}.Debug|ARM64.ActiveCfg = Debug|ARM64
		{41EC6930-D7A4-4BE9-AED9-67E3C52BA5CF}.Debug|ARM64.Build.0 = Debug|ARM64
		{41EC6930-D7A4-4BE9-AED9-67E3C52BA5CF}.Debug|x64.ActiveCfg = Debug|x64
		{41EC6930-D7A4-4BE9-AED9-67E3C52BA5CF}.Debug|x64.Build.0 = Debug|x64
		{41EC6930-D7A4-4BE9-AED9-67E3C52BA5CF}.Release|Any CPU.ActiveCfg = Release|Any CPU
		{41EC6930-D7A4-4BE9-AED9-67E3C52BA5CF}.Release|Any CPU.Build.0 = Release|Any CPU
		{41EC6930-D7A4-4BE9-AED9-67E3C52BA5CF}.Release|ARM64.ActiveCfg = Release|ARM64
		{41EC6930-D7A4-4BE9-AED9-67E3C52BA5CF}.Release|ARM64.Build.0 = Release|ARM64
		{41EC6930-D7A4-4BE9-AED9-67E3C52BA5CF}.Release|x64.ActiveCfg = Release|x64
		{41EC6930-D7A4-4BE9-AED9-67E3C52BA5CF}.Release|x64.Build.0 = Release|x64
		{EE0E2192-D2F8-404D-8799-87E411DE50EA}.Debug|Any CPU.ActiveCfg = Debug|Any CPU
		{EE0E2192-D2F8-404D-8799-87E411DE50EA}.Debug|Any CPU.Build.0 = Debug|Any CPU
		{EE0E2192-D2F8-404D-8799-87E411DE50EA}.Debug|ARM64.ActiveCfg = Debug|ARM64
		{EE0E2192-D2F8-404D-8799-87E411DE50EA}.Debug|ARM64.Build.0 = Debug|ARM64
		{EE0E2192-D2F8-404D-8799-87E411DE50EA}.Debug|x64.ActiveCfg = Debug|x64
		{EE0E2192-D2F8-404D-8799-87E411DE50EA}.Debug|x64.Build.0 = Debug|x64
		{EE0E2192-D2F8-404D-8799-87E411DE50EA}.Release|Any CPU.ActiveCfg = Release|Any CPU
		{EE0E2192-D2F8-404D-8799-87E411DE50EA}.Release|Any CPU.Build.0 = Release|Any CPU
		{EE0E2192-D2F8-404D-8799-87E411DE50EA}.Release|ARM64.ActiveCfg = Release|ARM64
		{EE0E2192-D2F8-404D-8799-87E411DE50EA}.Release|ARM64.Build.0 = Release|ARM64
		{EE0E2192-D2F8-404D-8799-87E411DE50EA}.Release|x64.ActiveCfg = Release|x64
		{EE0E2192-D2F8-404D-8799-87E411DE50EA}.Release|x64.Build.0 = Release|x64
		{4F65C6F9-C93C-4654-9230-A7EFC53F70F8}.Debug|Any CPU.ActiveCfg = Debug|Any CPU
		{4F65C6F9-C93C-4654-9230-A7EFC53F70F8}.Debug|Any CPU.Build.0 = Debug|Any CPU
		{4F65C6F9-C93C-4654-9230-A7EFC53F70F8}.Debug|ARM64.ActiveCfg = Debug|ARM64
		{4F65C6F9-C93C-4654-9230-A7EFC53F70F8}.Debug|ARM64.Build.0 = Debug|ARM64
		{4F65C6F9-C93C-4654-9230-A7EFC53F70F8}.Debug|x64.ActiveCfg = Debug|x64
		{4F65C6F9-C93C-4654-9230-A7EFC53F70F8}.Debug|x64.Build.0 = Debug|x64
		{4F65C6F9-C93C-4654-9230-A7EFC53F70F8}.Release|Any CPU.ActiveCfg = Release|Any CPU
		{4F65C6F9-C93C-4654-9230-A7EFC53F70F8}.Release|Any CPU.Build.0 = Release|Any CPU
		{4F65C6F9-C93C-4654-9230-A7EFC53F70F8}.Release|ARM64.ActiveCfg = Release|ARM64
		{4F65C6F9-C93C-4654-9230-A7EFC53F70F8}.Release|ARM64.Build.0 = Release|ARM64
		{4F65C6F9-C93C-4654-9230-A7EFC53F70F8}.Release|x64.ActiveCfg = Release|x64
		{4F65C6F9-C93C-4654-9230-A7EFC53F70F8}.Release|x64.Build.0 = Release|x64
		{714620D4-1C4B-40F7-943E-5AF2301CA3FA}.Debug|Any CPU.ActiveCfg = Debug|Any CPU
		{714620D4-1C4B-40F7-943E-5AF2301CA3FA}.Debug|Any CPU.Build.0 = Debug|Any CPU
		{714620D4-1C4B-40F7-943E-5AF2301CA3FA}.Debug|ARM64.ActiveCfg = Debug|ARM64
		{714620D4-1C4B-40F7-943E-5AF2301CA3FA}.Debug|ARM64.Build.0 = Debug|ARM64
		{714620D4-1C4B-40F7-943E-5AF2301CA3FA}.Debug|x64.ActiveCfg = Debug|x64
		{714620D4-1C4B-40F7-943E-5AF2301CA3FA}.Debug|x64.Build.0 = Debug|x64
		{714620D4-1C4B-40F7-943E-5AF2301CA3FA}.Release|Any CPU.ActiveCfg = Release|Any CPU
		{714620D4-1C4B-40F7-943E-5AF2301CA3FA}.Release|Any CPU.Build.0 = Release|Any CPU
		{714620D4-1C4B-40F7-943E-5AF2301CA3FA}.Release|ARM64.ActiveCfg = Release|ARM64
		{714620D4-1C4B-40F7-943E-5AF2301CA3FA}.Release|ARM64.Build.0 = Release|ARM64
		{714620D4-1C4B-40F7-943E-5AF2301CA3FA}.Release|x64.ActiveCfg = Release|x64
		{714620D4-1C4B-40F7-943E-5AF2301CA3FA}.Release|x64.Build.0 = Release|x64
		{60A9291E-3FFE-4182-9DDB-77CC7FF6AA90}.Debug|Any CPU.ActiveCfg = Debug|Any CPU
		{60A9291E-3FFE-4182-9DDB-77CC7FF6AA90}.Debug|Any CPU.Build.0 = Debug|Any CPU
		{60A9291E-3FFE-4182-9DDB-77CC7FF6AA90}.Debug|ARM64.ActiveCfg = Debug|ARM64
		{60A9291E-3FFE-4182-9DDB-77CC7FF6AA90}.Debug|ARM64.Build.0 = Debug|ARM64
		{60A9291E-3FFE-4182-9DDB-77CC7FF6AA90}.Debug|x64.ActiveCfg = Debug|x64
		{60A9291E-3FFE-4182-9DDB-77CC7FF6AA90}.Debug|x64.Build.0 = Debug|x64
		{60A9291E-3FFE-4182-9DDB-77CC7FF6AA90}.Release|Any CPU.ActiveCfg = Release|Any CPU
		{60A9291E-3FFE-4182-9DDB-77CC7FF6AA90}.Release|Any CPU.Build.0 = Release|Any CPU
		{60A9291E-3FFE-4182-9DDB-77CC7FF6AA90}.Release|ARM64.ActiveCfg = Release|ARM64
		{60A9291E-3FFE-4182-9DDB-77CC7FF6AA90}.Release|ARM64.Build.0 = Release|ARM64
		{60A9291E-3FFE-4182-9DDB-77CC7FF6AA90}.Release|x64.ActiveCfg = Release|x64
		{60A9291E-3FFE-4182-9DDB-77CC7FF6AA90}.Release|x64.Build.0 = Release|x64
		{1850F519-3230-4455-B08E-647471E8F8D4}.Debug|Any CPU.ActiveCfg = Debug|Any CPU
		{1850F519-3230-4455-B08E-647471E8F8D4}.Debug|Any CPU.Build.0 = Debug|Any CPU
		{1850F519-3230-4455-B08E-647471E8F8D4}.Debug|ARM64.ActiveCfg = Debug|ARM64
		{1850F519-3230-4455-B08E-647471E8F8D4}.Debug|ARM64.Build.0 = Debug|ARM64
		{1850F519-3230-4455-B08E-647471E8F8D4}.Debug|x64.ActiveCfg = Debug|x64
		{1850F519-3230-4455-B08E-647471E8F8D4}.Debug|x64.Build.0 = Debug|x64
		{1850F519-3230-4455-B08E-647471E8F8D4}.Release|Any CPU.ActiveCfg = Release|Any CPU
		{1850F519-3230-4455-B08E-647471E8F8D4}.Release|Any CPU.Build.0 = Release|Any CPU
		{1850F519-3230-4455-B08E-647471E8F8D4}.Release|ARM64.ActiveCfg = Release|ARM64
		{1850F519-3230-4455-B08E-647471E8F8D4}.Release|ARM64.Build.0 = Release|ARM64
		{1850F519-3230-4455-B08E-647471E8F8D4}.Release|x64.ActiveCfg = Release|x64
		{1850F519-3230-4455-B08E-647471E8F8D4}.Release|x64.Build.0 = Release|x64
		{6779C5E4-EE21-439D-A006-78A5E2362C99}.Debug|Any CPU.ActiveCfg = Debug|Any CPU
		{6779C5E4-EE21-439D-A006-78A5E2362C99}.Debug|Any CPU.Build.0 = Debug|Any CPU
		{6779C5E4-EE21-439D-A006-78A5E2362C99}.Debug|ARM64.ActiveCfg = Debug|ARM64
		{6779C5E4-EE21-439D-A006-78A5E2362C99}.Debug|ARM64.Build.0 = Debug|ARM64
		{6779C5E4-EE21-439D-A006-78A5E2362C99}.Debug|x64.ActiveCfg = Debug|x64
		{6779C5E4-EE21-439D-A006-78A5E2362C99}.Debug|x64.Build.0 = Debug|x64
		{6779C5E4-EE21-439D-A006-78A5E2362C99}.Release|Any CPU.ActiveCfg = Release|Any CPU
		{6779C5E4-EE21-439D-A006-78A5E2362C99}.Release|Any CPU.Build.0 = Release|Any CPU
		{6779C5E4-EE21-439D-A006-78A5E2362C99}.Release|ARM64.ActiveCfg = Release|ARM64
		{6779C5E4-EE21-439D-A006-78A5E2362C99}.Release|ARM64.Build.0 = Release|ARM64
		{6779C5E4-EE21-439D-A006-78A5E2362C99}.Release|x64.ActiveCfg = Release|x64
		{6779C5E4-EE21-439D-A006-78A5E2362C99}.Release|x64.Build.0 = Release|x64
		{B4D8FC71-916B-426B-BFD0-79DB955AB820}.Debug|Any CPU.ActiveCfg = Debug|Any CPU
		{B4D8FC71-916B-426B-BFD0-79DB955AB820}.Debug|Any CPU.Build.0 = Debug|Any CPU
		{B4D8FC71-916B-426B-BFD0-79DB955AB820}.Debug|ARM64.ActiveCfg = Debug|ARM64
		{B4D8FC71-916B-426B-BFD0-79DB955AB820}.Debug|ARM64.Build.0 = Debug|ARM64
		{B4D8FC71-916B-426B-BFD0-79DB955AB820}.Debug|x64.ActiveCfg = Debug|x64
		{B4D8FC71-916B-426B-BFD0-79DB955AB820}.Debug|x64.Build.0 = Debug|x64
		{B4D8FC71-916B-426B-BFD0-79DB955AB820}.Release|Any CPU.ActiveCfg = Release|Any CPU
		{B4D8FC71-916B-426B-BFD0-79DB955AB820}.Release|Any CPU.Build.0 = Release|Any CPU
		{B4D8FC71-916B-426B-BFD0-79DB955AB820}.Release|ARM64.ActiveCfg = Release|ARM64
		{B4D8FC71-916B-426B-BFD0-79DB955AB820}.Release|ARM64.Build.0 = Release|ARM64
		{B4D8FC71-916B-426B-BFD0-79DB955AB820}.Release|x64.ActiveCfg = Release|x64
		{B4D8FC71-916B-426B-BFD0-79DB955AB820}.Release|x64.Build.0 = Release|x64
		{26E8E6D6-796F-4570-BB39-567BCFA9D8EB}.Debug|Any CPU.ActiveCfg = Debug|Any CPU
		{26E8E6D6-796F-4570-BB39-567BCFA9D8EB}.Debug|Any CPU.Build.0 = Debug|Any CPU
		{26E8E6D6-796F-4570-BB39-567BCFA9D8EB}.Debug|ARM64.ActiveCfg = Debug|ARM64
		{26E8E6D6-796F-4570-BB39-567BCFA9D8EB}.Debug|ARM64.Build.0 = Debug|ARM64
		{26E8E6D6-796F-4570-BB39-567BCFA9D8EB}.Debug|x64.ActiveCfg = Debug|x64
		{26E8E6D6-796F-4570-BB39-567BCFA9D8EB}.Debug|x64.Build.0 = Debug|x64
		{26E8E6D6-796F-4570-BB39-567BCFA9D8EB}.Release|Any CPU.ActiveCfg = Release|Any CPU
		{26E8E6D6-796F-4570-BB39-567BCFA9D8EB}.Release|Any CPU.Build.0 = Release|Any CPU
		{26E8E6D6-796F-4570-BB39-567BCFA9D8EB}.Release|ARM64.ActiveCfg = Release|ARM64
		{26E8E6D6-796F-4570-BB39-567BCFA9D8EB}.Release|ARM64.Build.0 = Release|ARM64
		{26E8E6D6-796F-4570-BB39-567BCFA9D8EB}.Release|x64.ActiveCfg = Release|x64
		{26E8E6D6-796F-4570-BB39-567BCFA9D8EB}.Release|x64.Build.0 = Release|x64
		{F455B62E-918D-49D3-BE75-534DB12184D2}.Debug|Any CPU.ActiveCfg = Debug|Any CPU
		{F455B62E-918D-49D3-BE75-534DB12184D2}.Debug|Any CPU.Build.0 = Debug|Any CPU
		{F455B62E-918D-49D3-BE75-534DB12184D2}.Debug|ARM64.ActiveCfg = Debug|ARM64
		{F455B62E-918D-49D3-BE75-534DB12184D2}.Debug|ARM64.Build.0 = Debug|ARM64
		{F455B62E-918D-49D3-BE75-534DB12184D2}.Debug|x64.ActiveCfg = Debug|x64
		{F455B62E-918D-49D3-BE75-534DB12184D2}.Debug|x64.Build.0 = Debug|x64
		{F455B62E-918D-49D3-BE75-534DB12184D2}.Release|Any CPU.ActiveCfg = Release|Any CPU
		{F455B62E-918D-49D3-BE75-534DB12184D2}.Release|Any CPU.Build.0 = Release|Any CPU
		{F455B62E-918D-49D3-BE75-534DB12184D2}.Release|ARM64.ActiveCfg = Release|ARM64
		{F455B62E-918D-49D3-BE75-534DB12184D2}.Release|ARM64.Build.0 = Release|ARM64
		{F455B62E-918D-49D3-BE75-534DB12184D2}.Release|x64.ActiveCfg = Release|x64
		{F455B62E-918D-49D3-BE75-534DB12184D2}.Release|x64.Build.0 = Release|x64
		{98CD2DEA-9F24-4995-8B4C-C8D707D69E1A}.Debug|Any CPU.ActiveCfg = Debug|Any CPU
		{98CD2DEA-9F24-4995-8B4C-C8D707D69E1A}.Debug|Any CPU.Build.0 = Debug|Any CPU
		{98CD2DEA-9F24-4995-8B4C-C8D707D69E1A}.Debug|ARM64.ActiveCfg = Debug|ARM64
		{98CD2DEA-9F24-4995-8B4C-C8D707D69E1A}.Debug|ARM64.Build.0 = Debug|ARM64
		{98CD2DEA-9F24-4995-8B4C-C8D707D69E1A}.Debug|x64.ActiveCfg = Debug|x64
		{98CD2DEA-9F24-4995-8B4C-C8D707D69E1A}.Debug|x64.Build.0 = Debug|x64
		{98CD2DEA-9F24-4995-8B4C-C8D707D69E1A}.Release|Any CPU.ActiveCfg = Release|Any CPU
		{98CD2DEA-9F24-4995-8B4C-C8D707D69E1A}.Release|Any CPU.Build.0 = Release|Any CPU
		{98CD2DEA-9F24-4995-8B4C-C8D707D69E1A}.Release|ARM64.ActiveCfg = Release|ARM64
		{98CD2DEA-9F24-4995-8B4C-C8D707D69E1A}.Release|ARM64.Build.0 = Release|ARM64
		{98CD2DEA-9F24-4995-8B4C-C8D707D69E1A}.Release|x64.ActiveCfg = Release|x64
		{98CD2DEA-9F24-4995-8B4C-C8D707D69E1A}.Release|x64.Build.0 = Release|x64
		{80E1025D-D10B-4E7F-BE3C-C364CECA01D5}.Debug|Any CPU.ActiveCfg = Debug|Any CPU
		{80E1025D-D10B-4E7F-BE3C-C364CECA01D5}.Debug|Any CPU.Build.0 = Debug|Any CPU
		{80E1025D-D10B-4E7F-BE3C-C364CECA01D5}.Debug|ARM64.ActiveCfg = Debug|ARM64
		{80E1025D-D10B-4E7F-BE3C-C364CECA01D5}.Debug|ARM64.Build.0 = Debug|ARM64
		{80E1025D-D10B-4E7F-BE3C-C364CECA01D5}.Debug|x64.ActiveCfg = Debug|x64
		{80E1025D-D10B-4E7F-BE3C-C364CECA01D5}.Debug|x64.Build.0 = Debug|x64
		{80E1025D-D10B-4E7F-BE3C-C364CECA01D5}.Release|Any CPU.ActiveCfg = Release|Any CPU
		{80E1025D-D10B-4E7F-BE3C-C364CECA01D5}.Release|Any CPU.Build.0 = Release|Any CPU
		{80E1025D-D10B-4E7F-BE3C-C364CECA01D5}.Release|ARM64.ActiveCfg = Release|ARM64
		{80E1025D-D10B-4E7F-BE3C-C364CECA01D5}.Release|ARM64.Build.0 = Release|ARM64
		{80E1025D-D10B-4E7F-BE3C-C364CECA01D5}.Release|x64.ActiveCfg = Release|x64
		{80E1025D-D10B-4E7F-BE3C-C364CECA01D5}.Release|x64.Build.0 = Release|x64
	EndGlobalSection
	GlobalSection(SolutionProperties) = preSolution
		HideSolutionNode = FALSE
	EndGlobalSection
	GlobalSection(NestedProjects) = preSolution
		{0CAEAFFC-9821-46D7-A27F-65EABE1D8827} = {169E917E-C163-4894-99D8-21042D629B95}
		{AA0BEC0E-1EEB-40FF-970E-3FC0FEE56986} = {169E917E-C163-4894-99D8-21042D629B95}
		{F6F64F5B-8752-4F78-B22B-AC39F97B9E8A} = {169E917E-C163-4894-99D8-21042D629B95}
		{E14CC2EF-5D58-4033-AE83-5AD35C6C31A0} = {0471B5F3-2FF4-4DCD-8B1A-6BF2C9E29353}
		{3CAE8601-BAEA-42F5-B8D1-7D9023EBCD5B} = {0471B5F3-2FF4-4DCD-8B1A-6BF2C9E29353}
		{D54A25F0-4180-476F-A65D-AEE1392B5726} = {169E917E-C163-4894-99D8-21042D629B95}
		{AC4E4298-F33C-4CB5-ABEB-301C346DACC8} = {169E917E-C163-4894-99D8-21042D629B95}
		{9C456637-27C3-4933-BCB6-8F9AC5CFF74A} = {169E917E-C163-4894-99D8-21042D629B95}
		{7CF02675-2EB8-4AC2-A2E5-F15189A89D9D} = {169E917E-C163-4894-99D8-21042D629B95}
		{262FF780-BC55-4E72-8E47-16DC9DAF162B} = {169E917E-C163-4894-99D8-21042D629B95}
		{98EB62F8-CB37-4F71-A0C1-0004E5FC2803} = {169E917E-C163-4894-99D8-21042D629B95}
		{27EAC60B-EB0A-4D9C-B6A5-A2609B4B8068} = {169E917E-C163-4894-99D8-21042D629B95}
		{957C021A-99B6-4252-8373-5C808E833E64} = {0471B5F3-2FF4-4DCD-8B1A-6BF2C9E29353}
		{1E09560C-F348-413B-9C8D-98A185FF0642} = {0471B5F3-2FF4-4DCD-8B1A-6BF2C9E29353}
		{58142917-6836-48D5-BD95-A56343908F59} = {4B8B3D8E-D5A8-44C9-829B-8DE60C3AE2AF}
		{FDFFB5C8-57E7-4318-92DE-63668CAF50F0} = {169E917E-C163-4894-99D8-21042D629B95}
		{CD96C617-651B-4721-8409-5A6732E05A19} = {169E917E-C163-4894-99D8-21042D629B95}
		{FD49B20F-1336-4AC1-9862-C03CA9AF5523} = {169E917E-C163-4894-99D8-21042D629B95}
		{3A3E5B75-F1C3-423B-A282-6FD14A1C2833} = {169E917E-C163-4894-99D8-21042D629B95}
		{5EFF39DE-32F0-4ECC-9DA8-70E1B9265D72} = {169E917E-C163-4894-99D8-21042D629B95}
		{FBFCE314-AF9C-4B30-8101-8A403324D644} = {169E917E-C163-4894-99D8-21042D629B95}
		{FD71508C-2F0D-41F1-8B3A-3964559C66ED} = {169E917E-C163-4894-99D8-21042D629B95}
		{2C9A2F87-2AC2-46EB-9B53-5E42433F0EEC} = {169E917E-C163-4894-99D8-21042D629B95}
		{2A74C861-507C-4E8A-B059-01018108D919} = {169E917E-C163-4894-99D8-21042D629B95}
		{44FBC1EE-6419-4B73-847E-F7A207BEE007} = {169E917E-C163-4894-99D8-21042D629B95}
		{F79B2253-0E5D-48AE-8281-CF5C0242F95A} = {169E917E-C163-4894-99D8-21042D629B95}
		{744182CA-1FBF-479C-A721-F06C085B3F35} = {169E917E-C163-4894-99D8-21042D629B95}
		{41EC6930-D7A4-4BE9-AED9-67E3C52BA5CF} = {169E917E-C163-4894-99D8-21042D629B95}
		{EE0E2192-D2F8-404D-8799-87E411DE50EA} = {169E917E-C163-4894-99D8-21042D629B95}
		{4F65C6F9-C93C-4654-9230-A7EFC53F70F8} = {169E917E-C163-4894-99D8-21042D629B95}
		{714620D4-1C4B-40F7-943E-5AF2301CA3FA} = {169E917E-C163-4894-99D8-21042D629B95}
		{60A9291E-3FFE-4182-9DDB-77CC7FF6AA90} = {169E917E-C163-4894-99D8-21042D629B95}
		{1850F519-3230-4455-B08E-647471E8F8D4} = {169E917E-C163-4894-99D8-21042D629B95}
		{6779C5E4-EE21-439D-A006-78A5E2362C99} = {169E917E-C163-4894-99D8-21042D629B95}
		{B4D8FC71-916B-426B-BFD0-79DB955AB820} = {169E917E-C163-4894-99D8-21042D629B95}
		{26E8E6D6-796F-4570-BB39-567BCFA9D8EB} = {169E917E-C163-4894-99D8-21042D629B95}
		{F455B62E-918D-49D3-BE75-534DB12184D2} = {169E917E-C163-4894-99D8-21042D629B95}
		{98CD2DEA-9F24-4995-8B4C-C8D707D69E1A} = {169E917E-C163-4894-99D8-21042D629B95}
		{80E1025D-D10B-4E7F-BE3C-C364CECA01D5} = {169E917E-C163-4894-99D8-21042D629B95}
	EndGlobalSection
	GlobalSection(ExtensibilityGlobals) = postSolution
		SolutionGuid = {EF3C302D-A30D-4422-B686-20B3EDAE8A1E}
	EndGlobalSection
EndGlobal
